// !$*UTF8*$!
{
	archiveVersion = 1;
	classes = {
	};
	objectVersion = 56;
	objects = {

/* Begin PBXBuildFile section */
		CA0957A72A585CC700F6F9CD /* ColorPicker.swift in Sources */ = {isa = PBXBuildFile; fileRef = CA0957A62A585CC700F6F9CD /* ColorPicker.swift */; };
		CA0957AC2A587C4D00F6F9CD /* ColorToHex.swift in Sources */ = {isa = PBXBuildFile; fileRef = CA0957AB2A587C4D00F6F9CD /* ColorToHex.swift */; };
		CA0957AE2A587F5200F6F9CD /* HexToColor.swift in Sources */ = {isa = PBXBuildFile; fileRef = CA0957AD2A587F5200F6F9CD /* HexToColor.swift */; };
		CA57F1812A57C2A3006CC347 /* NotesDisplay.swift in Sources */ = {isa = PBXBuildFile; fileRef = CA57F1802A57C2A3006CC347 /* NotesDisplay.swift */; };
		CA5DB1DE2A53118B00037283 /* memorymindersApp.swift in Sources */ = {isa = PBXBuildFile; fileRef = CA5DB1DD2A53118B00037283 /* memorymindersApp.swift */; };
		CA5DB1E02A53118B00037283 /* ContentView.swift in Sources */ = {isa = PBXBuildFile; fileRef = CA5DB1DF2A53118B00037283 /* ContentView.swift */; };
		CA5DB1E22A53118C00037283 /* Assets.xcassets in Resources */ = {isa = PBXBuildFile; fileRef = CA5DB1E12A53118C00037283 /* Assets.xcassets */; };
		CA5DB1E62A53118C00037283 /* Preview Assets.xcassets in Resources */ = {isa = PBXBuildFile; fileRef = CA5DB1E52A53118C00037283 /* Preview Assets.xcassets */; };
		CA5DB1EE2A531EEE00037283 /* AddButton.swift in Sources */ = {isa = PBXBuildFile; fileRef = CA5DB1ED2A531EEE00037283 /* AddButton.swift */; };
		CA5DB1F02A533B0D00037283 /* NotePreview.swift in Sources */ = {isa = PBXBuildFile; fileRef = CA5DB1EF2A533B0D00037283 /* NotePreview.swift */; };
		CA5DB1F72A54BAAC00037283 /* Notes.xcdatamodeld in Sources */ = {isa = PBXBuildFile; fileRef = CA5DB1F42A54BAAC00037283 /* Notes.xcdatamodeld */; };
		CA5DB1F92A54BB4200037283 /* DataController.swift in Sources */ = {isa = PBXBuildFile; fileRef = CA5DB1F82A54BB4200037283 /* DataController.swift */; };
		CA5DB1FE2A57577400037283 /* NoteEditor.swift in Sources */ = {isa = PBXBuildFile; fileRef = CA5DB1FD2A57577400037283 /* NoteEditor.swift */; };
/* End PBXBuildFile section */

/* Begin PBXFileReference section */
		CA0957A62A585CC700F6F9CD /* ColorPicker.swift */ = {isa = PBXFileReference; lastKnownFileType = sourcecode.swift; path = ColorPicker.swift; sourceTree = "<group>"; };
		CA0957AB2A587C4D00F6F9CD /* ColorToHex.swift */ = {isa = PBXFileReference; lastKnownFileType = sourcecode.swift; path = ColorToHex.swift; sourceTree = "<group>"; };
		CA0957AD2A587F5200F6F9CD /* HexToColor.swift */ = {isa = PBXFileReference; lastKnownFileType = sourcecode.swift; path = HexToColor.swift; sourceTree = "<group>"; };
		CA57F1802A57C2A3006CC347 /* NotesDisplay.swift */ = {isa = PBXFileReference; lastKnownFileType = sourcecode.swift; path = NotesDisplay.swift; sourceTree = "<group>"; };
		CA5DB1DA2A53118B00037283 /* memoryminders.app */ = {isa = PBXFileReference; explicitFileType = wrapper.application; includeInIndex = 0; path = memoryminders.app; sourceTree = BUILT_PRODUCTS_DIR; };
		CA5DB1DD2A53118B00037283 /* memorymindersApp.swift */ = {isa = PBXFileReference; lastKnownFileType = sourcecode.swift; path = memorymindersApp.swift; sourceTree = "<group>"; };
		CA5DB1DF2A53118B00037283 /* ContentView.swift */ = {isa = PBXFileReference; lastKnownFileType = sourcecode.swift; path = ContentView.swift; sourceTree = "<group>"; };
		CA5DB1E12A53118C00037283 /* Assets.xcassets */ = {isa = PBXFileReference; lastKnownFileType = folder.assetcatalog; path = Assets.xcassets; sourceTree = "<group>"; };
		CA5DB1E32A53118C00037283 /* memoryminders.entitlements */ = {isa = PBXFileReference; lastKnownFileType = text.plist.entitlements; path = memoryminders.entitlements; sourceTree = "<group>"; };
		CA5DB1E52A53118C00037283 /* Preview Assets.xcassets */ = {isa = PBXFileReference; lastKnownFileType = folder.assetcatalog; path = "Preview Assets.xcassets"; sourceTree = "<group>"; };
		CA5DB1ED2A531EEE00037283 /* AddButton.swift */ = {isa = PBXFileReference; lastKnownFileType = sourcecode.swift; path = AddButton.swift; sourceTree = "<group>"; };
		CA5DB1EF2A533B0D00037283 /* NotePreview.swift */ = {isa = PBXFileReference; lastKnownFileType = sourcecode.swift; path = NotePreview.swift; sourceTree = "<group>"; };
		CA5DB1F52A54BAAC00037283 /* Notes.xcdatamodel */ = {isa = PBXFileReference; lastKnownFileType = wrapper.xcdatamodel; path = Notes.xcdatamodel; sourceTree = "<group>"; };
		CA5DB1F62A54BAAC00037283 /* Model.xcdatamodel */ = {isa = PBXFileReference; lastKnownFileType = wrapper.xcdatamodel; path = Model.xcdatamodel; sourceTree = "<group>"; };
		CA5DB1F82A54BB4200037283 /* DataController.swift */ = {isa = PBXFileReference; lastKnownFileType = sourcecode.swift; path = DataController.swift; sourceTree = "<group>"; };
		CA5DB1FD2A57577400037283 /* NoteEditor.swift */ = {isa = PBXFileReference; lastKnownFileType = sourcecode.swift; path = NoteEditor.swift; sourceTree = "<group>"; };
/* End PBXFileReference section */

/* Begin PBXFrameworksBuildPhase section */
		CA5DB1D72A53118B00037283 /* Frameworks */ = {
			isa = PBXFrameworksBuildPhase;
			buildActionMask = 2147483647;
			files = (
			);
			runOnlyForDeploymentPostprocessing = 0;
		};
/* End PBXFrameworksBuildPhase section */

/* Begin PBXGroup section */
		CA0957A82A5868C500F6F9CD /* Tools */ = {
			isa = PBXGroup;
			children = (
				CA5DB1F42A54BAAC00037283 /* Notes.xcdatamodeld */,
				CA5DB1F82A54BB4200037283 /* DataController.swift */,
				CA0957AB2A587C4D00F6F9CD /* ColorToHex.swift */,
				CA0957AD2A587F5200F6F9CD /* HexToColor.swift */,
			);
			path = Tools;
			sourceTree = "<group>";
		};
		CA5DB1D12A53118B00037283 = {
			isa = PBXGroup;
			children = (
				CA5DB1DC2A53118B00037283 /* memoryminders */,
				CA5DB1DB2A53118B00037283 /* Products */,
			);
			sourceTree = "<group>";
		};
		CA5DB1DB2A53118B00037283 /* Products */ = {
			isa = PBXGroup;
			children = (
				CA5DB1DA2A53118B00037283 /* memoryminders.app */,
			);
			name = Products;
			sourceTree = "<group>";
		};
		CA5DB1DC2A53118B00037283 /* memoryminders */ = {
			isa = PBXGroup;
			children = (
				CA0957A82A5868C500F6F9CD /* Tools */,
				CA5DB1FA2A54BED000037283 /* Model */,
				CA5DB1EC2A53122A00037283 /* Views */,
				CA5DB1DD2A53118B00037283 /* memorymindersApp.swift */,
				CA5DB1E12A53118C00037283 /* Assets.xcassets */,
				CA5DB1E32A53118C00037283 /* memoryminders.entitlements */,
				CA5DB1E42A53118C00037283 /* Preview Content */,
			);
			path = memoryminders;
			sourceTree = "<group>";
		};
		CA5DB1E42A53118C00037283 /* Preview Content */ = {
			isa = PBXGroup;
			children = (
				CA5DB1E52A53118C00037283 /* Preview Assets.xcassets */,
			);
			path = "Preview Content";
			sourceTree = "<group>";
		};
		CA5DB1EC2A53122A00037283 /* Views */ = {
			isa = PBXGroup;
			children = (
				CA5DB1DF2A53118B00037283 /* ContentView.swift */,
				CA5DB1ED2A531EEE00037283 /* AddButton.swift */,
				CA5DB1EF2A533B0D00037283 /* NotePreview.swift */,
				CA5DB1FD2A57577400037283 /* NoteEditor.swift */,
				CA57F1802A57C2A3006CC347 /* NotesDisplay.swift */,
				CA0957A62A585CC700F6F9CD /* ColorPicker.swift */,
			);
			path = Views;
			sourceTree = "<group>";
		};
		CA5DB1FA2A54BED000037283 /* Model */ = {
			isa = PBXGroup;
			children = (
			);
			path = Model;
			sourceTree = "<group>";
		};
/* End PBXGroup section */

/* Begin PBXNativeTarget section */
		CA5DB1D92A53118B00037283 /* memoryminders */ = {
			isa = PBXNativeTarget;
			buildConfigurationList = CA5DB1E92A53118C00037283 /* Build configuration list for PBXNativeTarget "memoryminders" */;
			buildPhases = (
				CA5DB1D62A53118B00037283 /* Sources */,
				CA5DB1D72A53118B00037283 /* Frameworks */,
				CA5DB1D82A53118B00037283 /* Resources */,
			);
			buildRules = (
			);
			dependencies = (
			);
			name = memoryminders;
			productName = memoryminders;
			productReference = CA5DB1DA2A53118B00037283 /* memoryminders.app */;
			productType = "com.apple.product-type.application";
		};
/* End PBXNativeTarget section */

/* Begin PBXProject section */
		CA5DB1D22A53118B00037283 /* Project object */ = {
			isa = PBXProject;
			attributes = {
				BuildIndependentTargetsInParallel = 1;
				LastSwiftUpdateCheck = 1420;
				LastUpgradeCheck = 1430;
				TargetAttributes = {
					CA5DB1D92A53118B00037283 = {
						CreatedOnToolsVersion = 14.2;
					};
				};
			};
			buildConfigurationList = CA5DB1D52A53118B00037283 /* Build configuration list for PBXProject "memoryminders" */;
			compatibilityVersion = "Xcode 14.0";
			developmentRegion = en;
			hasScannedForEncodings = 0;
			knownRegions = (
				en,
				Base,
			);
			mainGroup = CA5DB1D12A53118B00037283;
			productRefGroup = CA5DB1DB2A53118B00037283 /* Products */;
			projectDirPath = "";
			projectRoot = "";
			targets = (
				CA5DB1D92A53118B00037283 /* memoryminders */,
			);
		};
/* End PBXProject section */

/* Begin PBXResourcesBuildPhase section */
		CA5DB1D82A53118B00037283 /* Resources */ = {
			isa = PBXResourcesBuildPhase;
			buildActionMask = 2147483647;
			files = (
				CA5DB1E62A53118C00037283 /* Preview Assets.xcassets in Resources */,
				CA5DB1E22A53118C00037283 /* Assets.xcassets in Resources */,
			);
			runOnlyForDeploymentPostprocessing = 0;
		};
/* End PBXResourcesBuildPhase section */

/* Begin PBXSourcesBuildPhase section */
		CA5DB1D62A53118B00037283 /* Sources */ = {
			isa = PBXSourcesBuildPhase;
			buildActionMask = 2147483647;
			files = (
				CA5DB1F02A533B0D00037283 /* NotePreview.swift in Sources */,
				CA5DB1F92A54BB4200037283 /* DataController.swift in Sources */,
				CA0957AE2A587F5200F6F9CD /* HexToColor.swift in Sources */,
				CA5DB1FE2A57577400037283 /* NoteEditor.swift in Sources */,
				CA5DB1F72A54BAAC00037283 /* Notes.xcdatamodeld in Sources */,
				CA0957AC2A587C4D00F6F9CD /* ColorToHex.swift in Sources */,
				CA57F1812A57C2A3006CC347 /* NotesDisplay.swift in Sources */,
				CA0957A72A585CC700F6F9CD /* ColorPicker.swift in Sources */,
				CA5DB1E02A53118B00037283 /* ContentView.swift in Sources */,
				CA5DB1DE2A53118B00037283 /* memorymindersApp.swift in Sources */,
				CA5DB1EE2A531EEE00037283 /* AddButton.swift in Sources */,
			);
			runOnlyForDeploymentPostprocessing = 0;
		};
/* End PBXSourcesBuildPhase section */

/* Begin XCBuildConfiguration section */
		CA5DB1E72A53118C00037283 /* Debug */ = {
			isa = XCBuildConfiguration;
			buildSettings = {
				ALWAYS_SEARCH_USER_PATHS = NO;
				CLANG_ANALYZER_NONNULL = YES;
				CLANG_ANALYZER_NUMBER_OBJECT_CONVERSION = YES_AGGRESSIVE;
				CLANG_CXX_LANGUAGE_STANDARD = "gnu++20";
				CLANG_ENABLE_MODULES = YES;
				CLANG_ENABLE_OBJC_ARC = YES;
				CLANG_ENABLE_OBJC_WEAK = YES;
				CLANG_WARN_BLOCK_CAPTURE_AUTORELEASING = YES;
				CLANG_WARN_BOOL_CONVERSION = YES;
				CLANG_WARN_COMMA = YES;
				CLANG_WARN_CONSTANT_CONVERSION = YES;
				CLANG_WARN_DEPRECATED_OBJC_IMPLEMENTATIONS = YES;
				CLANG_WARN_DIRECT_OBJC_ISA_USAGE = YES_ERROR;
				CLANG_WARN_DOCUMENTATION_COMMENTS = YES;
				CLANG_WARN_EMPTY_BODY = YES;
				CLANG_WARN_ENUM_CONVERSION = YES;
				CLANG_WARN_INFINITE_RECURSION = YES;
				CLANG_WARN_INT_CONVERSION = YES;
				CLANG_WARN_NON_LITERAL_NULL_CONVERSION = YES;
				CLANG_WARN_OBJC_IMPLICIT_RETAIN_SELF = YES;
				CLANG_WARN_OBJC_LITERAL_CONVERSION = YES;
				CLANG_WARN_OBJC_ROOT_CLASS = YES_ERROR;
				CLANG_WARN_QUOTED_INCLUDE_IN_FRAMEWORK_HEADER = YES;
				CLANG_WARN_RANGE_LOOP_ANALYSIS = YES;
				CLANG_WARN_STRICT_PROTOTYPES = YES;
				CLANG_WARN_SUSPICIOUS_MOVE = YES;
				CLANG_WARN_UNGUARDED_AVAILABILITY = YES_AGGRESSIVE;
				CLANG_WARN_UNREACHABLE_CODE = YES;
				CLANG_WARN__DUPLICATE_METHOD_MATCH = YES;
				COPY_PHASE_STRIP = NO;
				DEAD_CODE_STRIPPING = YES;
				DEBUG_INFORMATION_FORMAT = dwarf;
				ENABLE_STRICT_OBJC_MSGSEND = YES;
				ENABLE_TESTABILITY = YES;
				GCC_C_LANGUAGE_STANDARD = gnu11;
				GCC_DYNAMIC_NO_PIC = NO;
				GCC_NO_COMMON_BLOCKS = YES;
				GCC_OPTIMIZATION_LEVEL = 0;
				GCC_PREPROCESSOR_DEFINITIONS = (
					"DEBUG=1",
					"$(inherited)",
				);
				GCC_WARN_64_TO_32_BIT_CONVERSION = YES;
				GCC_WARN_ABOUT_RETURN_TYPE = YES_ERROR;
				GCC_WARN_UNDECLARED_SELECTOR = YES;
				GCC_WARN_UNINITIALIZED_AUTOS = YES_AGGRESSIVE;
				GCC_WARN_UNUSED_FUNCTION = YES;
				GCC_WARN_UNUSED_VARIABLE = YES;
				MTL_ENABLE_DEBUG_INFO = INCLUDE_SOURCE;
				MTL_FAST_MATH = YES;
				ONLY_ACTIVE_ARCH = YES;
				SWIFT_ACTIVE_COMPILATION_CONDITIONS = DEBUG;
				SWIFT_OPTIMIZATION_LEVEL = "-Onone";
			};
			name = Debug;
		};
		CA5DB1E82A53118C00037283 /* Release */ = {
			isa = XCBuildConfiguration;
			buildSettings = {
				ALWAYS_SEARCH_USER_PATHS = NO;
				CLANG_ANALYZER_NONNULL = YES;
				CLANG_ANALYZER_NUMBER_OBJECT_CONVERSION = YES_AGGRESSIVE;
				CLANG_CXX_LANGUAGE_STANDARD = "gnu++20";
				CLANG_ENABLE_MODULES = YES;
				CLANG_ENABLE_OBJC_ARC = YES;
				CLANG_ENABLE_OBJC_WEAK = YES;
				CLANG_WARN_BLOCK_CAPTURE_AUTORELEASING = YES;
				CLANG_WARN_BOOL_CONVERSION = YES;
				CLANG_WARN_COMMA = YES;
				CLANG_WARN_CONSTANT_CONVERSION = YES;
				CLANG_WARN_DEPRECATED_OBJC_IMPLEMENTATIONS = YES;
				CLANG_WARN_DIRECT_OBJC_ISA_USAGE = YES_ERROR;
				CLANG_WARN_DOCUMENTATION_COMMENTS = YES;
				CLANG_WARN_EMPTY_BODY = YES;
				CLANG_WARN_ENUM_CONVERSION = YES;
				CLANG_WARN_INFINITE_RECURSION = YES;
				CLANG_WARN_INT_CONVERSION = YES;
				CLANG_WARN_NON_LITERAL_NULL_CONVERSION = YES;
				CLANG_WARN_OBJC_IMPLICIT_RETAIN_SELF = YES;
				CLANG_WARN_OBJC_LITERAL_CONVERSION = YES;
				CLANG_WARN_OBJC_ROOT_CLASS = YES_ERROR;
				CLANG_WARN_QUOTED_INCLUDE_IN_FRAMEWORK_HEADER = YES;
				CLANG_WARN_RANGE_LOOP_ANALYSIS = YES;
				CLANG_WARN_STRICT_PROTOTYPES = YES;
				CLANG_WARN_SUSPICIOUS_MOVE = YES;
				CLANG_WARN_UNGUARDED_AVAILABILITY = YES_AGGRESSIVE;
				CLANG_WARN_UNREACHABLE_CODE = YES;
				CLANG_WARN__DUPLICATE_METHOD_MATCH = YES;
				COPY_PHASE_STRIP = NO;
				DEAD_CODE_STRIPPING = YES;
				DEBUG_INFORMATION_FORMAT = "dwarf-with-dsym";
				ENABLE_NS_ASSERTIONS = NO;
				ENABLE_STRICT_OBJC_MSGSEND = YES;
				GCC_C_LANGUAGE_STANDARD = gnu11;
				GCC_NO_COMMON_BLOCKS = YES;
				GCC_WARN_64_TO_32_BIT_CONVERSION = YES;
				GCC_WARN_ABOUT_RETURN_TYPE = YES_ERROR;
				GCC_WARN_UNDECLARED_SELECTOR = YES;
				GCC_WARN_UNINITIALIZED_AUTOS = YES_AGGRESSIVE;
				GCC_WARN_UNUSED_FUNCTION = YES;
				GCC_WARN_UNUSED_VARIABLE = YES;
				MTL_ENABLE_DEBUG_INFO = NO;
				MTL_FAST_MATH = YES;
				SWIFT_COMPILATION_MODE = wholemodule;
				SWIFT_OPTIMIZATION_LEVEL = "-O";
			};
			name = Release;
		};
		CA5DB1EA2A53118C00037283 /* Debug */ = {
			isa = XCBuildConfiguration;
			buildSettings = {
				ASSETCATALOG_COMPILER_APPICON_NAME = AppIcon;
				ASSETCATALOG_COMPILER_GLOBAL_ACCENT_COLOR_NAME = AccentColor;
				CODE_SIGN_ENTITLEMENTS = memoryminders/memoryminders.entitlements;
				CODE_SIGN_STYLE = Automatic;
				CURRENT_PROJECT_VERSION = 1;
				DEAD_CODE_STRIPPING = YES;
				DEVELOPMENT_ASSET_PATHS = "\"memoryminders/Preview Content\"";
				DEVELOPMENT_TEAM = 3TZANC85QJ;
				ENABLE_HARDENED_RUNTIME = YES;
				ENABLE_PREVIEWS = YES;
				GENERATE_INFOPLIST_FILE = YES;
				"INFOPLIST_KEY_UIApplicationSceneManifest_Generation[sdk=iphoneos*]" = YES;
				"INFOPLIST_KEY_UIApplicationSceneManifest_Generation[sdk=iphonesimulator*]" = YES;
				"INFOPLIST_KEY_UIApplicationSupportsIndirectInputEvents[sdk=iphoneos*]" = YES;
				"INFOPLIST_KEY_UIApplicationSupportsIndirectInputEvents[sdk=iphonesimulator*]" = YES;
				"INFOPLIST_KEY_UILaunchScreen_Generation[sdk=iphoneos*]" = YES;
				"INFOPLIST_KEY_UILaunchScreen_Generation[sdk=iphonesimulator*]" = YES;
				"INFOPLIST_KEY_UIStatusBarStyle[sdk=iphoneos*]" = UIStatusBarStyleDefault;
				"INFOPLIST_KEY_UIStatusBarStyle[sdk=iphonesimulator*]" = UIStatusBarStyleDefault;
				INFOPLIST_KEY_UISupportedInterfaceOrientations_iPad = "UIInterfaceOrientationPortrait UIInterfaceOrientationPortraitUpsideDown UIInterfaceOrientationLandscapeLeft UIInterfaceOrientationLandscapeRight";
				INFOPLIST_KEY_UISupportedInterfaceOrientations_iPhone = "UIInterfaceOrientationPortrait UIInterfaceOrientationLandscapeLeft UIInterfaceOrientationLandscapeRight";
				IPHONEOS_DEPLOYMENT_TARGET = 16.2;
				LD_RUNPATH_SEARCH_PATHS = "@executable_path/Frameworks";
				"LD_RUNPATH_SEARCH_PATHS[sdk=macosx*]" = "@executable_path/../Frameworks";
				MACOSX_DEPLOYMENT_TARGET = 13.0;
				MARKETING_VERSION = 1.0;
				PRODUCT_BUNDLE_IDENTIFIER = brandon.memoryminders;
				PRODUCT_NAME = "$(TARGET_NAME)";
				SDKROOT = auto;
				SUPPORTED_PLATFORMS = "iphoneos iphonesimulator macosx";
				SWIFT_EMIT_LOC_STRINGS = YES;
				SWIFT_VERSION = 5.0;
				TARGETED_DEVICE_FAMILY = "1,2";
			};
			name = Debug;
		};
		CA5DB1EB2A53118C00037283 /* Release */ = {
			isa = XCBuildConfiguration;
			buildSettings = {
				ASSETCATALOG_COMPILER_APPICON_NAME = AppIcon;
				ASSETCATALOG_COMPILER_GLOBAL_ACCENT_COLOR_NAME = AccentColor;
				CODE_SIGN_ENTITLEMENTS = memoryminders/memoryminders.entitlements;
				CODE_SIGN_STYLE = Automatic;
				CURRENT_PROJECT_VERSION = 1;
				DEAD_CODE_STRIPPING = YES;
				DEVELOPMENT_ASSET_PATHS = "\"memoryminders/Preview Content\"";
				DEVELOPMENT_TEAM = 3TZANC85QJ;
				ENABLE_HARDENED_RUNTIME = YES;
				ENABLE_PREVIEWS = YES;
				GENERATE_INFOPLIST_FILE = YES;
				"INFOPLIST_KEY_UIApplicationSceneManifest_Generation[sdk=iphoneos*]" = YES;
				"INFOPLIST_KEY_UIApplicationSceneManifest_Generation[sdk=iphonesimulator*]" = YES;
				"INFOPLIST_KEY_UIApplicationSupportsIndirectInputEvents[sdk=iphoneos*]" = YES;
				"INFOPLIST_KEY_UIApplicationSupportsIndirectInputEvents[sdk=iphonesimulator*]" = YES;
				"INFOPLIST_KEY_UILaunchScreen_Generation[sdk=iphoneos*]" = YES;
				"INFOPLIST_KEY_UILaunchScreen_Generation[sdk=iphonesimulator*]" = YES;
				"INFOPLIST_KEY_UIStatusBarStyle[sdk=iphoneos*]" = UIStatusBarStyleDefault;
				"INFOPLIST_KEY_UIStatusBarStyle[sdk=iphonesimulator*]" = UIStatusBarStyleDefault;
				INFOPLIST_KEY_UISupportedInterfaceOrientations_iPad = "UIInterfaceOrientationPortrait UIInterfaceOrientationPortraitUpsideDown UIInterfaceOrientationLandscapeLeft UIInterfaceOrientationLandscapeRight";
				INFOPLIST_KEY_UISupportedInterfaceOrientations_iPhone = "UIInterfaceOrientationPortrait UIInterfaceOrientationLandscapeLeft UIInterfaceOrientationLandscapeRight";
				IPHONEOS_DEPLOYMENT_TARGET = 16.2;
				LD_RUNPATH_SEARCH_PATHS = "@executable_path/Frameworks";
				"LD_RUNPATH_SEARCH_PATHS[sdk=macosx*]" = "@executable_path/../Frameworks";
				MACOSX_DEPLOYMENT_TARGET = 13.0;
				MARKETING_VERSION = 1.0;
				PRODUCT_BUNDLE_IDENTIFIER = brandon.memoryminders;
				PRODUCT_NAME = "$(TARGET_NAME)";
				SDKROOT = auto;
				SUPPORTED_PLATFORMS = "iphoneos iphonesimulator macosx";
				SWIFT_EMIT_LOC_STRINGS = YES;
				SWIFT_VERSION = 5.0;
				TARGETED_DEVICE_FAMILY = "1,2";
			};
			name = Release;
		};
/* End XCBuildConfiguration section */

/* Begin XCConfigurationList section */
		CA5DB1D52A53118B00037283 /* Build configuration list for PBXProject "memoryminders" */ = {
			isa = XCConfigurationList;
			buildConfigurations = (
				CA5DB1E72A53118C00037283 /* Debug */,
				CA5DB1E82A53118C00037283 /* Release */,
			);
			defaultConfigurationIsVisible = 0;
			defaultConfigurationName = Release;
		};
		CA5DB1E92A53118C00037283 /* Build configuration list for PBXNativeTarget "memoryminders" */ = {
			isa = XCConfigurationList;
			buildConfigurations = (
				CA5DB1EA2A53118C00037283 /* Debug */,
				CA5DB1EB2A53118C00037283 /* Release */,
			);
			defaultConfigurationIsVisible = 0;
			defaultConfigurationName = Release;
		};
/* End XCConfigurationList section */

/* Begin XCVersionGroup section */
		CA5DB1F42A54BAAC00037283 /* Notes.xcdatamodeld */ = {
			isa = XCVersionGroup;
			children = (
				CA5DB1F52A54BAAC00037283 /* Notes.xcdatamodel */,
				CA5DB1F62A54BAAC00037283 /* Model.xcdatamodel */,
			);
			currentVersion = CA5DB1F52A54BAAC00037283 /* Notes.xcdatamodel */;
			path = Notes.xcdatamodeld;
			sourceTree = "<group>";
			versionGroupType = wrapper.xcdatamodel;
		};
/* End XCVersionGroup section */
	};
	rootObject = CA5DB1D22A53118B00037283 /* Project object */;
}
